{
  "_readme": [
    "This file locks the dependencies of your project to a known state",
    "Read more about it at https://getcomposer.org/doc/01-basic-usage.md#installing-dependencies",
    "This file is @generated automatically"
  ],
  "content-hash": "ceed09a20c296e2055640cb2550c29af",
  "packages": [
    {
      "name": "leocavalcante/siler",
      "version": "v1.5.3",
      "source": {
        "type": "git",
        "url": "https://github.com/leocavalcante/siler.git",
        "reference": "4868cb0629de6df32b7eb7beeb7377467de0cffc"
      },
      "dist": {
        "type": "zip",
        "url": "https://api.github.com/repos/leocavalcante/siler/zipball/4868cb0629de6df32b7eb7beeb7377467de0cffc",
        "reference": "4868cb0629de6df32b7eb7beeb7377467de0cffc",
        "shasum": ""
      },
      "require": {
        "ext-json": "^1.2",
        "php": ">=7.2"
      },
      "require-dev": {
        "cboden/ratchet": "^0.4",
        "cocur/slugify": "^3.2",
        "eaglewu/swoole-ide-helper": "dev-master",
        "ext-mongodb": "^1.5",
        "gabordemooij/redbean": "^5.2",
        "mongodb/mongodb": "^1.4",
        "monolog/monolog": "^1.24",
        "phan/phan": "^1.2",
        "phpunit/phpunit": "^8.0",
        "ratchet/pawl": "^0.3",
        "squizlabs/php_codesniffer": "^3.4",
        "swiftmailer/swiftmailer": "^6.2",
        "twig/twig": "^2.7",
        "vlucas/phpdotenv": "^3.3",
        "webonyx/graphql-php": "^0.13",
        "zendframework/zend-diactoros": "^2.1",
        "zendframework/zend-httphandlerrunner": "^1.1",
        "zendframework/zend-stratigility": "^3.1"
      },
      "suggest": {
        "vlucas/phpdotenv": "Storing configuration in the environment is one of the tenets of a twelve-factor app."
      },
      "type": "library",
      "autoload": {
        "psr-4": {
          "Siler\\": "src/"
        },
        "files": [
          "src/Container/Container.php",
          "src/Db/Db.php",
          "src/Db/Mongo.php",
          "src/Db/Redis.php",
          "src/Diactoros/Diactoros.php",
          "src/Dotenv/Dotenv.php",
          "src/Functional/Functional.php",
          "src/Functional/Monad/Monad.php",
          "src/GraphQL/GraphQL.php",
          "src/Http/Http.php",
          "src/Http/Request.php",
          "src/Http/Response.php",
          "src/HttpHandlerRunner/HttpHandlerRunner.php",
          "src/Mail/SwiftMailer.php",
          "src/Monolog/Monolog.php",
          "src/Prelude/Str.php",
          "src/Prelude/Tuple.php",
          "src/Result/Result.php",
          "src/Route/Route.php",
          "src/Stratigility/Stratigility.php",
          "src/Swoole/Swoole.php",
          "src/Twig/Twig.php",
          "src/Siler.php"
        ]
      },
      "notification-url": "https://packagist.org/downloads/",
      "license": ["MIT"],
      "authors": [
        {
          "name": "leocavalcante",
          "email": "lc@leocavalcante.com"
        }
      ],
      "description": "Siler is a set of general purpose high-level abstractions aiming an API for declarative programming in PHP.",
      "keywords": ["api", "framework", "functional", "micro", "router", "swoole"],
      "time": "2019-04-01T04:54:16+00:00"
    }
  ],
  "packages-dev": [],
  "aliases": [],
  "minimum-stability": "stable",
  "stability-flags": [],
  "prefer-stable": false,
  "prefer-lowest": false,
  "platform": [],
  "platform-dev": []
}
